// !$*UTF8*$!
{
	archiveVersion = 1;
	classes = {
	};
	objectVersion = 50;
	objects = {

/* Begin PBXBuildFile section */
		74C4907E22D894EF009058FC /* AppDelegate.swift in Sources */ = {isa = PBXBuildFile; fileRef = 74C4907D22D894EF009058FC /* AppDelegate.swift */; };
		74C4908022D894EF009058FC /* SceneDelegate.swift in Sources */ = {isa = PBXBuildFile; fileRef = 74C4907F22D894EF009058FC /* SceneDelegate.swift */; };
		74C4908222D894EF009058FC /* ViewController.swift in Sources */ = {isa = PBXBuildFile; fileRef = 74C4908122D894EF009058FC /* ViewController.swift */; };
		74C4908522D894EF009058FC /* Main.storyboard in Resources */ = {isa = PBXBuildFile; fileRef = 74C4908322D894EF009058FC /* Main.storyboard */; };
		74C4908722D894F0009058FC /* Assets.xcassets in Resources */ = {isa = PBXBuildFile; fileRef = 74C4908622D894F0009058FC /* Assets.xcassets */; };
		74C4908A22D894F0009058FC /* LaunchScreen.storyboard in Resources */ = {isa = PBXBuildFile; fileRef = 74C4908822D894F0009058FC /* LaunchScreen.storyboard */; };
		74C4909522D894F0009058FC /* PanzerTests.swift in Sources */ = {isa = PBXBuildFile; fileRef = 74C4909422D894F0009058FC /* PanzerTests.swift */; };
		74C490A022D894F0009058FC /* PanzerUITests.swift in Sources */ = {isa = PBXBuildFile; fileRef = 74C4909F22D894F0009058FC /* PanzerUITests.swift */; };
/* End PBXBuildFile section */

/* Begin PBXContainerItemProxy section */
		74C4909122D894F0009058FC /* PBXContainerItemProxy */ = {
			isa = PBXContainerItemProxy;
			containerPortal = 74C4907222D894EF009058FC /* Project object */;
			proxyType = 1;
			remoteGlobalIDString = 74C4907922D894EF009058FC;
			remoteInfo = Panzer;
		};
		74C4909C22D894F0009058FC /* PBXContainerItemProxy */ = {
			isa = PBXContainerItemProxy;
			containerPortal = 74C4907222D894EF009058FC /* Project object */;
			proxyType = 1;
			remoteGlobalIDString = 74C4907922D894EF009058FC;
			remoteInfo = Panzer;
		};
/* End PBXContainerItemProxy section */

/* Begin PBXFileReference section */
		74C4907A22D894EF009058FC /* Panzer.app */ = {isa = PBXFileReference; explicitFileType = wrapper.application; includeInIndex = 0; path = Panzer.app; sourceTree = BUILT_PRODUCTS_DIR; };
		74C4907D22D894EF009058FC /* AppDelegate.swift */ = {isa = PBXFileReference; lastKnownFileType = sourcecode.swift; path = AppDelegate.swift; sourceTree = "<group>"; };
		74C4907F22D894EF009058FC /* SceneDelegate.swift */ = {isa = PBXFileReference; lastKnownFileType = sourcecode.swift; path = SceneDelegate.swift; sourceTree = "<group>"; };
		74C4908122D894EF009058FC /* ViewController.swift */ = {isa = PBXFileReference; lastKnownFileType = sourcecode.swift; path = ViewController.swift; sourceTree = "<group>"; };
		74C4908422D894EF009058FC /* Base */ = {isa = PBXFileReference; lastKnownFileType = file.storyboard; name = Base; path = Base.lproj/Main.storyboard; sourceTree = "<group>"; };
		74C4908622D894F0009058FC /* Assets.xcassets */ = {isa = PBXFileReference; lastKnownFileType = folder.assetcatalog; path = Assets.xcassets; sourceTree = "<group>"; };
		74C4908922D894F0009058FC /* Base */ = {isa = PBXFileReference; lastKnownFileType = file.storyboard; name = Base; path = Base.lproj/LaunchScreen.storyboard; sourceTree = "<group>"; };
		74C4908B22D894F0009058FC /* Info.plist */ = {isa = PBXFileReference; lastKnownFileType = text.plist.xml; path = Info.plist; sourceTree = "<group>"; };
		74C4909022D894F0009058FC /* PanzerTests.xctest */ = {isa = PBXFileReference; explicitFileType = wrapper.cfbundle; includeInIndex = 0; path = PanzerTests.xctest; sourceTree = BUILT_PRODUCTS_DIR; };
		74C4909422D894F0009058FC /* PanzerTests.swift */ = {isa = PBXFileReference; lastKnownFileType = sourcecode.swift; path = PanzerTests.swift; sourceTree = "<group>"; };
		74C4909622D894F0009058FC /* Info.plist */ = {isa = PBXFileReference; lastKnownFileType = text.plist.xml; path = Info.plist; sourceTree = "<group>"; };
		74C4909B22D894F0009058FC /* PanzerUITests.xctest */ = {isa = PBXFileReference; explicitFileType = wrapper.cfbundle; includeInIndex = 0; path = PanzerUITests.xctest; sourceTree = BUILT_PRODUCTS_DIR; };
		74C4909F22D894F0009058FC /* PanzerUITests.swift */ = {isa = PBXFileReference; lastKnownFileType = sourcecode.swift; path = PanzerUITests.swift; sourceTree = "<group>"; };
		74C490A122D894F0009058FC /* Info.plist */ = {isa = PBXFileReference; lastKnownFileType = text.plist.xml; path = Info.plist; sourceTree = "<group>"; };
/* End PBXFileReference section */

/* Begin PBXFrameworksBuildPhase section */
		74C4907722D894EF009058FC /* Frameworks */ = {
			isa = PBXFrameworksBuildPhase;
			buildActionMask = 2147483647;
			files = (
			);
			runOnlyForDeploymentPostprocessing = 0;
		};
		74C4908D22D894F0009058FC /* Frameworks */ = {
			isa = PBXFrameworksBuildPhase;
			buildActionMask = 2147483647;
			files = (
			);
			runOnlyForDeploymentPostprocessing = 0;
		};
		74C4909822D894F0009058FC /* Frameworks */ = {
			isa = PBXFrameworksBuildPhase;
			buildActionMask = 2147483647;
			files = (
			);
			runOnlyForDeploymentPostprocessing = 0;
		};
/* End PBXFrameworksBuildPhase section */

/* Begin PBXGroup section */
		74C4907122D894EF009058FC = {
			isa = PBXGroup;
			children = (
				74C4907C22D894EF009058FC /* Panzer */,
				74C4909322D894F0009058FC /* PanzerTests */,
				74C4909E22D894F0009058FC /* PanzerUITests */,
				74C4907B22D894EF009058FC /* Products */,
			);
			sourceTree = "<group>";
		};
		74C4907B22D894EF009058FC /* Products */ = {
			isa = PBXGroup;
			children = (
				74C4907A22D894EF009058FC /* Panzer.app */,
				74C4909022D894F0009058FC /* PanzerTests.xctest */,
				74C4909B22D894F0009058FC /* PanzerUITests.xctest */,
			);
			name = Products;
			sourceTree = "<group>";
		};
		74C4907C22D894EF009058FC /* Panzer */ = {
			isa = PBXGroup;
			children = (
				74C4907D22D894EF009058FC /* AppDelegate.swift */,
				74C4907F22D894EF009058FC /* SceneDelegate.swift */,
				74C4908122D894EF009058FC /* ViewController.swift */,
				74C4908322D894EF009058FC /* Main.storyboard */,
				74C4908622D894F0009058FC /* Assets.xcassets */,
				74C4908822D894F0009058FC /* LaunchScreen.storyboard */,
				74C4908B22D894F0009058FC /* Info.plist */,
			);
			path = Panzer;
			sourceTree = "<group>";
		};
		74C4909322D894F0009058FC /* PanzerTests */ = {
			isa = PBXGroup;
			children = (
				74C4909422D894F0009058FC /* PanzerTests.swift */,
				74C4909622D894F0009058FC /* Info.plist */,
			);
			path = PanzerTests;
			sourceTree = "<group>";
		};
		74C4909E22D894F0009058FC /* PanzerUITests */ = {
			isa = PBXGroup;
			children = (
				74C4909F22D894F0009058FC /* PanzerUITests.swift */,
				74C490A122D894F0009058FC /* Info.plist */,
			);
			path = PanzerUITests;
			sourceTree = "<group>";
		};
/* End PBXGroup section */

/* Begin PBXNativeTarget section */
		74C4907922D894EF009058FC /* Panzer */ = {
			isa = PBXNativeTarget;
			buildConfigurationList = 74C490A422D894F0009058FC /* Build configuration list for PBXNativeTarget "Panzer" */;
			buildPhases = (
				74C4907622D894EF009058FC /* Sources */,
				74C4907722D894EF009058FC /* Frameworks */,
				74C4907822D894EF009058FC /* Resources */,
			);
			buildRules = (
			);
			dependencies = (
			);
			name = Panzer;
			productName = Panzer;
			productReference = 74C4907A22D894EF009058FC /* Panzer.app */;
			productType = "com.apple.product-type.application";
		};
		74C4908F22D894F0009058FC /* PanzerTests */ = {
			isa = PBXNativeTarget;
			buildConfigurationList = 74C490A722D894F0009058FC /* Build configuration list for PBXNativeTarget "PanzerTests" */;
			buildPhases = (
				74C4908C22D894F0009058FC /* Sources */,
				74C4908D22D894F0009058FC /* Frameworks */,
				74C4908E22D894F0009058FC /* Resources */,
			);
			buildRules = (
			);
			dependencies = (
				74C4909222D894F0009058FC /* PBXTargetDependency */,
			);
			name = PanzerTests;
			productName = PanzerTests;
			productReference = 74C4909022D894F0009058FC /* PanzerTests.xctest */;
			productType = "com.apple.product-type.bundle.unit-test";
		};
		74C4909A22D894F0009058FC /* PanzerUITests */ = {
			isa = PBXNativeTarget;
			buildConfigurationList = 74C490AA22D894F0009058FC /* Build configuration list for PBXNativeTarget "PanzerUITests" */;
			buildPhases = (
				74C4909722D894F0009058FC /* Sources */,
				74C4909822D894F0009058FC /* Frameworks */,
				74C4909922D894F0009058FC /* Resources */,
			);
			buildRules = (
			);
			dependencies = (
				74C4909D22D894F0009058FC /* PBXTargetDependency */,
			);
			name = PanzerUITests;
			productName = PanzerUITests;
			productReference = 74C4909B22D894F0009058FC /* PanzerUITests.xctest */;
			productType = "com.apple.product-type.bundle.ui-testing";
		};
/* End PBXNativeTarget section */

/* Begin PBXProject section */
		74C4907222D894EF009058FC /* Project object */ = {
			isa = PBXProject;
			attributes = {
				LastSwiftUpdateCheck = 1100;
				LastUpgradeCheck = 1100;
				ORGANIZATIONNAME = "Michael Chen";
				TargetAttributes = {
					74C4907922D894EF009058FC = {
						CreatedOnToolsVersion = 11.0;
					};
					74C4908F22D894F0009058FC = {
						CreatedOnToolsVersion = 11.0;
						TestTargetID = 74C4907922D894EF009058FC;
					};
					74C4909A22D894F0009058FC = {
						CreatedOnToolsVersion = 11.0;
						TestTargetID = 74C4907922D894EF009058FC;
					};
				};
			};
			buildConfigurationList = 74C4907522D894EF009058FC /* Build configuration list for PBXProject "Panzer" */;
			compatibilityVersion = "Xcode 9.3";
			developmentRegion = en;
			hasScannedForEncodings = 0;
			knownRegions = (
				en,
				Base,
			);
			mainGroup = 74C4907122D894EF009058FC;
			productRefGroup = 74C4907B22D894EF009058FC /* Products */;
			projectDirPath = "";
			projectRoot = "";
			targets = (
				74C4907922D894EF009058FC /* Panzer */,
				74C4908F22D894F0009058FC /* PanzerTests */,
				74C4909A22D894F0009058FC /* PanzerUITests */,
			);
		};
/* End PBXProject section */

/* Begin PBXResourcesBuildPhase section */
		74C4907822D894EF009058FC /* Resources */ = {
			isa = PBXResourcesBuildPhase;
			buildActionMask = 2147483647;
			files = (
				74C4908A22D894F0009058FC /* LaunchScreen.storyboard in Resources */,
				74C4908722D894F0009058FC /* Assets.xcassets in Resources */,
				74C4908522D894EF009058FC /* Main.storyboard in Resources */,
			);
			runOnlyForDeploymentPostprocessing = 0;
		};
		74C4908E22D894F0009058FC /* Resources */ = {
			isa = PBXResourcesBuildPhase;
			buildActionMask = 2147483647;
			files = (
			);
			runOnlyForDeploymentPostprocessing = 0;
		};
		74C4909922D894F0009058FC /* Resources */ = {
			isa = PBXResourcesBuildPhase;
			buildActionMask = 2147483647;
			files = (
			);
			runOnlyForDeploymentPostprocessing = 0;
		};
/* End PBXResourcesBuildPhase section */

/* Begin PBXSourcesBuildPhase section */
		74C4907622D894EF009058FC /* Sources */ = {
			isa = PBXSourcesBuildPhase;
			buildActionMask = 2147483647;
			files = (
				74C4908222D894EF009058FC /* ViewController.swift in Sources */,
				74C4907E22D894EF009058FC /* AppDelegate.swift in Sources */,
				74C4908022D894EF009058FC /* SceneDelegate.swift in Sources */,
			);
			runOnlyForDeploymentPostprocessing = 0;
		};
		74C4908C22D894F0009058FC /* Sources */ = {
			isa = PBXSourcesBuildPhase;
			buildActionMask = 2147483647;
			files = (
				74C4909522D894F0009058FC /* PanzerTests.swift in Sources */,
			);
			runOnlyForDeploymentPostprocessing = 0;
		};
		74C4909722D894F0009058FC /* Sources */ = {
			isa = PBXSourcesBuildPhase;
			buildActionMask = 2147483647;
			files = (
				74C490A022D894F0009058FC /* PanzerUITests.swift in Sources */,
			);
			runOnlyForDeploymentPostprocessing = 0;
		};
/* End PBXSourcesBuildPhase section */

/* Begin PBXTargetDependency section */
		74C4909222D894F0009058FC /* PBXTargetDependency */ = {
			isa = PBXTargetDependency;
			target = 74C4907922D894EF009058FC /* Panzer */;
			targetProxy = 74C4909122D894F0009058FC /* PBXContainerItemProxy */;
		};
		74C4909D22D894F0009058FC /* PBXTargetDependency */ = {
			isa = PBXTargetDependency;
			target = 74C4907922D894EF009058FC /* Panzer */;
			targetProxy = 74C4909C22D894F0009058FC /* PBXContainerItemProxy */;
		};
/* End PBXTargetDependency section */

/* Begin PBXVariantGroup section */
		74C4908322D894EF009058FC /* Main.storyboard */ = {
			isa = PBXVariantGroup;
			children = (
				74C4908422D894EF009058FC /* Base */,
			);
			name = Main.storyboard;
			sourceTree = "<group>";
		};
		74C4908822D894F0009058FC /* LaunchScreen.storyboard */ = {
			isa = PBXVariantGroup;
			children = (
				74C4908922D894F0009058FC /* Base */,
			);
			name = LaunchScreen.storyboard;
			sourceTree = "<group>";
		};
/* End PBXVariantGroup section */

/* Begin XCBuildConfiguration section */
		74C490A222D894F0009058FC /* Debug */ = {
			isa = XCBuildConfiguration;
			buildSettings = {
				ALWAYS_SEARCH_USER_PATHS = NO;
				CLANG_ANALYZER_NONNULL = YES;
				CLANG_ANALYZER_NUMBER_OBJECT_CONVERSION = YES_AGGRESSIVE;
				CLANG_CXX_LANGUAGE_STANDARD = "gnu++14";
				CLANG_CXX_LIBRARY = "libc++";
				CLANG_ENABLE_MODULES = YES;
				CLANG_ENABLE_OBJC_ARC = YES;
				CLANG_ENABLE_OBJC_WEAK = YES;
				CLANG_WARN_BLOCK_CAPTURE_AUTORELEASING = YES;
				CLANG_WARN_BOOL_CONVERSION = YES;
				CLANG_WARN_COMMA = YES;
				CLANG_WARN_CONSTANT_CONVERSION = YES;
				CLANG_WARN_DEPRECATED_OBJC_IMPLEMENTATIONS = YES;
				CLANG_WARN_DIRECT_OBJC_ISA_USAGE = YES_ERROR;
				CLANG_WARN_DOCUMENTATION_COMMENTS = YES;
				CLANG_WARN_EMPTY_BODY = YES;
				CLANG_WARN_ENUM_CONVERSION = YES;
				CLANG_WARN_INFINITE_RECURSION = YES;
				CLANG_WARN_INT_CONVERSION = YES;
				CLANG_WARN_NON_LITERAL_NULL_CONVERSION = YES;
				CLANG_WARN_OBJC_IMPLICIT_RETAIN_SELF = YES;
				CLANG_WARN_OBJC_LITERAL_CONVERSION = YES;
				CLANG_WARN_OBJC_ROOT_CLASS = YES_ERROR;
				CLANG_WARN_RANGE_LOOP_ANALYSIS = YES;
				CLANG_WARN_STRICT_PROTOTYPES = YES;
				CLANG_WARN_SUSPICIOUS_MOVE = YES;
				CLANG_WARN_UNGUARDED_AVAILABILITY = YES_AGGRESSIVE;
				CLANG_WARN_UNREACHABLE_CODE = YES;
				CLANG_WARN__DUPLICATE_METHOD_MATCH = YES;
				COPY_PHASE_STRIP = NO;
				DEBUG_INFORMATION_FORMAT = dwarf;
				ENABLE_STRICT_OBJC_MSGSEND = YES;
				ENABLE_TESTABILITY = YES;
				GCC_C_LANGUAGE_STANDARD = gnu11;
				GCC_DYNAMIC_NO_PIC = NO;
				GCC_NO_COMMON_BLOCKS = YES;
				GCC_OPTIMIZATION_LEVEL = 0;
				GCC_PREPROCESSOR_DEFINITIONS = (
					"DEBUG=1",
					"$(inherited)",
				);
				GCC_WARN_64_TO_32_BIT_CONVERSION = YES;
				GCC_WARN_ABOUT_RETURN_TYPE = YES_ERROR;
				GCC_WARN_UNDECLARED_SELECTOR = YES;
				GCC_WARN_UNINITIALIZED_AUTOS = YES_AGGRESSIVE;
				GCC_WARN_UNUSED_FUNCTION = YES;
				GCC_WARN_UNUSED_VARIABLE = YES;
				IPHONEOS_DEPLOYMENT_TARGET = 13.0;
				MTL_ENABLE_DEBUG_INFO = INCLUDE_SOURCE;
				MTL_FAST_MATH = YES;
				ONLY_ACTIVE_ARCH = YES;
				SDKROOT = iphoneos;
				SWIFT_ACTIVE_COMPILATION_CONDITIONS = DEBUG;
				SWIFT_OPTIMIZATION_LEVEL = "-Onone";
			};
			name = Debug;
		};
		74C490A322D894F0009058FC /* Release */ = {
			isa = XCBuildConfiguration;
			buildSettings = {
				ALWAYS_SEARCH_USER_PATHS = NO;
				CLANG_ANALYZER_NONNULL = YES;
				CLANG_ANALYZER_NUMBER_OBJECT_CONVERSION = YES_AGGRESSIVE;
				CLANG_CXX_LANGUAGE_STANDARD = "gnu++14";
				CLANG_CXX_LIBRARY = "libc++";
				CLANG_ENABLE_MODULES = YES;
				CLANG_ENABLE_OBJC_ARC = YES;
				CLANG_ENABLE_OBJC_WEAK = YES;
				CLANG_WARN_BLOCK_CAPTURE_AUTORELEASING = YES;
				CLANG_WARN_BOOL_CONVERSION = YES;
				CLANG_WARN_COMMA = YES;
				CLANG_WARN_CONSTANT_CONVERSION = YES;
				CLANG_WARN_DEPRECATED_OBJC_IMPLEMENTATIONS = YES;
				CLANG_WARN_DIRECT_OBJC_ISA_USAGE = YES_ERROR;
				CLANG_WARN_DOCUMENTATION_COMMENTS = YES;
				CLANG_WARN_EMPTY_BODY = YES;
				CLANG_WARN_ENUM_CONVERSION = YES;
				CLANG_WARN_INFINITE_RECURSION = YES;
				CLANG_WARN_INT_CONVERSION = YES;
				CLANG_WARN_NON_LITERAL_NULL_CONVERSION = YES;
				CLANG_WARN_OBJC_IMPLICIT_RETAIN_SELF = YES;
				CLANG_WARN_OBJC_LITERAL_CONVERSION = YES;
				CLANG_WARN_OBJC_ROOT_CLASS = YES_ERROR;
				CLANG_WARN_RANGE_LOOP_ANALYSIS = YES;
				CLANG_WARN_STRICT_PROTOTYPES = YES;
				CLANG_WARN_SUSPICIOUS_MOVE = YES;
				CLANG_WARN_UNGUARDED_AVAILABILITY = YES_AGGRESSIVE;
				CLANG_WARN_UNREACHABLE_CODE = YES;
				CLANG_WARN__DUPLICATE_METHOD_MATCH = YES;
				COPY_PHASE_STRIP = NO;
				DEBUG_INFORMATION_FORMAT = "dwarf-with-dsym";
				ENABLE_NS_ASSERTIONS = NO;
				ENABLE_STRICT_OBJC_MSGSEND = YES;
				GCC_C_LANGUAGE_STANDARD = gnu11;
				GCC_NO_COMMON_BLOCKS = YES;
				GCC_WARN_64_TO_32_BIT_CONVERSION = YES;
				GCC_WARN_ABOUT_RETURN_TYPE = YES_ERROR;
				GCC_WARN_UNDECLARED_SELECTOR = YES;
				GCC_WARN_UNINITIALIZED_AUTOS = YES_AGGRESSIVE;
				GCC_WARN_UNUSED_FUNCTION = YES;
				GCC_WARN_UNUSED_VARIABLE = YES;
				IPHONEOS_DEPLOYMENT_TARGET = 13.0;
				MTL_ENABLE_DEBUG_INFO = NO;
				MTL_FAST_MATH = YES;
				SDKROOT = iphoneos;
				SWIFT_COMPILATION_MODE = wholemodule;
				SWIFT_OPTIMIZATION_LEVEL = "-O";
				VALIDATE_PRODUCT = YES;
			};
			name = Release;
		};
		74C490A522D894F0009058FC /* Debug */ = {
			isa = XCBuildConfiguration;
			buildSettings = {
				ASSETCATALOG_COMPILER_APPICON_NAME = AppIcon;
				CODE_SIGN_STYLE = Automatic;
				INFOPLIST_FILE = Panzer/Info.plist;
				LD_RUNPATH_SEARCH_PATHS = (
					"$(inherited)",
					"@executable_path/Frameworks",
				);
				PRODUCT_BUNDLE_IDENTIFIER = com.michaelchen.Panzer;
				PRODUCT_NAME = "$(TARGET_NAME)";
				SWIFT_VERSION = 5.0;
				TARGETED_DEVICE_FAMILY = "1,2";
			};
			name = Debug;
		};
		74C490A622D894F0009058FC /* Release */ = {
			isa = XCBuildConfiguration;
			buildSettings = {
				ASSETCATALOG_COMPILER_APPICON_NAME = AppIcon;
				CODE_SIGN_STYLE = Automatic;
				INFOPLIST_FILE = Panzer/Info.plist;
				LD_RUNPATH_SEARCH_PATHS = (
					"$(inherited)",
					"@executable_path/Frameworks",
				);
				PRODUCT_BUNDLE_IDENTIFIER = com.michaelchen.Panzer;
				PRODUCT_NAME = "$(TARGET_NAME)";
				SWIFT_VERSION = 5.0;
				TARGETED_DEVICE_FAMILY = "1,2";
			};
			name = Release;
		};
		74C490A822D894F0009058FC /* Debug */ = {
			isa = XCBuildConfiguration;
			buildSettings = {
				ALWAYS_EMBED_SWIFT_STANDARD_LIBRARIES = YES;
				BUNDLE_LOADER = "$(TEST_HOST)";
				CODE_SIGN_STYLE = Automatic;
				INFOPLIST_FILE = PanzerTests/Info.plist;
				LD_RUNPATH_SEARCH_PATHS = (
					"$(inherited)",
					"@executable_path/Frameworks",
					"@loader_path/Frameworks",
				);
				PRODUCT_BUNDLE_IDENTIFIER = com.michaelchen.PanzerTests;
				PRODUCT_NAME = "$(TARGET_NAME)";
				SWIFT_VERSION = 5.0;
				TARGETED_DEVICE_FAMILY = "1,2";
				TEST_HOST = "$(BUILT_PRODUCTS_DIR)/Panzer.app/Panzer";
			};
			name = Debug;
		};
		74C490A922D894F0009058FC /* Release */ = {
			isa = XCBuildConfiguration;
			buildSettings = {
				ALWAYS_EMBED_SWIFT_STANDARD_LIBRARIES = YES;
				BUNDLE_LOADER = "$(TEST_HOST)";
				CODE_SIGN_STYLE = Automatic;
				INFOPLIST_FILE = PanzerTests/Info.plist;
				LD_RUNPATH_SEARCH_PATHS = (
					"$(inherited)",
					"@executable_path/Frameworks",
					"@loader_path/Frameworks",
				);
				PRODUCT_BUNDLE_IDENTIFIER = com.michaelchen.PanzerTests;
				PRODUCT_NAME = "$(TARGET_NAME)";
				SWIFT_VERSION = 5.0;
				TARGETED_DEVICE_FAMILY = "1,2";
				TEST_HOST = "$(BUILT_PRODUCTS_DIR)/Panzer.app/Panzer";
			};
			name = Release;
		};
		74C490AB22D894F0009058FC /* Debug */ = {
			isa = XCBuildConfiguration;
			buildSettings = {
				ALWAYS_EMBED_SWIFT_STANDARD_LIBRARIES = YES;
				CODE_SIGN_STYLE = Automatic;
				INFOPLIST_FILE = PanzerUITests/Info.plist;
				LD_RUNPATH_SEARCH_PATHS = (
					"$(inherited)",
					"@executable_path/Frameworks",
					"@loader_path/Frameworks",
				);
				PRODUCT_BUNDLE_IDENTIFIER = com.michaelchen.PanzerUITests;
				PRODUCT_NAME = "$(TARGET_NAME)";
				SWIFT_VERSION = 5.0;
				TARGETED_DEVICE_FAMILY = "1,2";
				TEST_TARGET_NAME = Panzer;
			};
			name = Debug;
		};
		74C490AC22D894F0009058FC /* Release */ = {
			isa = XCBuildConfiguration;
			buildSettings = {
				ALWAYS_EMBED_SWIFT_STANDARD_LIBRARIES = YES;
				CODE_SIGN_STYLE = Automatic;
				INFOPLIST_FILE = PanzerUITests/Info.plist;
				LD_RUNPATH_SEARCH_PATHS = (
					"$(inherited)",
					"@executable_path/Frameworks",
					"@loader_path/Frameworks",
				);
				PRODUCT_BUNDLE_IDENTIFIER = com.michaelchen.PanzerUITests;
				PRODUCT_NAME = "$(TARGET_NAME)";
				SWIFT_VERSION = 5.0;
				TARGETED_DEVICE_FAMILY = "1,2";
				TEST_TARGET_NAME = Panzer;
			};
			name = Release;
		};
/* End XCBuildConfiguration section */

/* Begin XCConfigurationList section */
		74C4907522D894EF009058FC /* Build configuration list for PBXProject "Panzer" */ = {
			isa = XCConfigurationList;
			buildConfigurations = (
				74C490A222D894F0009058FC /* Debug */,
				74C490A322D894F0009058FC /* Release */,
			);
			defaultConfigurationIsVisible = 0;
			defaultConfigurationName = Release;
		};
		74C490A422D894F0009058FC /* Build configuration list for PBXNativeTarget "Panzer" */ = {
			isa = XCConfigurationList;
			buildConfigurations = (
				74C490A522D894F0009058FC /* Debug */,
				74C490A622D894F0009058FC /* Release */,
			);
			defaultConfigurationIsVisible = 0;
			defaultConfigurationName = Release;
		};
		74C490A722D894F0009058FC /* Build configuration list for PBXNativeTarget "PanzerTests" */ = {
			isa = XCConfigurationList;
			buildConfigurations = (
				74C490A822D894F0009058FC /* Debug */,
				74C490A922D894F0009058FC /* Release */,
			);
			defaultConfigurationIsVisible = 0;
			defaultConfigurationName = Release;
		};
		74C490AA22D894F0009058FC /* Build configuration list for PBXNativeTarget "PanzerUITests" */ = {
			isa = XCConfigurationList;
			buildConfigurations = (
				74C490AB22D894F0009058FC /* Debug */,
				74C490AC22D894F0009058FC /* Release */,
			);
			defaultConfigurationIsVisible = 0;
			defaultConfigurationName = Release;
		};
/* End XCConfigurationList section */
	};
	rootObject = 74C4907222D894EF009058FC /* Project object */;
}
